
Microsoft Visual Studio Solution File, Format Version 12.00
# Visual Studio 15
VisualStudioVersion = 15.0.27703.2042
MinimumVisualStudioVersion = 10.0.40219.1
Project("{FAE04EC0-301F-11D3-BF4B-00C04F79EFBC}") = "egeszSzamok", "egeszSzamok\egeszSzamok.csproj", "{6650C5E4-A275-4BCD-9444-9D657BCDBB1B}"
EndProject
Global
	GlobalSection(SolutionConfigurationPlatforms) = preSolution
		Debug|Any CPU = Debug|Any CPU
		Release|Any CPU = Release|Any CPU
	EndGlobalSection
	GlobalSection(ProjectConfigurationPlatforms) = postSolution
		{6650C5E4-A275-4BCD-9444-9D657BCDBB1B}.Debug|Any CPU.ActiveCfg = Debug|Any CPU
		{6650C5E4-A275-4BCD-9444-9D657BCDBB1B}.Debug|Any CPU.Build.0 = Debug|Any CPU
		{6650C5E4-A275-4BCD-9444-9D657BCDBB1B}.Release|Any CPU.ActiveCfg = Release|Any CPU
		{6650C5E4-A275-4BCD-9444-9D657BCDBB1B}.Release|Any CPU.Build.0 = Release|Any CPU
	EndGlobalSection
	GlobalSection(SolutionProperties) = preSolution
		HideSolutionNode = FALSE
	EndGlobalSection
	GlobalSection(ExtensibilityGlobals) = postSolution
		SolutionGuid = {CC05BB48-3A3F-4646-A84D-234155CAC1A9}
	EndGlobalSection
EndGlobal
